{
  "object": {
    "pins": [
      {
        "package": "SwiftSoup",
        "repositoryURL": "https://github.com/scinfu/SwiftSoup.git",
        "state": {
          "branch": null,
          "revision": "34a24b6e27fe6302c5b5630325b64adc3e3b5bca",
          "version": "2.2.2"
        }
      }
    ]
  },
  "version": 1
}
