// !$*UTF8*$!
{
	archiveVersion = 1;
	classes = {
	};
	objectVersion = 50;
	objects = {

/* Begin PBXBuildFile section */
		F001A701235E095700617573 /* ServiceProvider.swift in Sources */ = {isa = PBXBuildFile; fileRef = F001A700235E095700617573 /* ServiceProvider.swift */; };
		F002C62A232FF40C00D3FC04 /* Published.swift in Sources */ = {isa = PBXBuildFile; fileRef = F002C629232FF40C00D3FC04 /* Published.swift */; };
		F0039EC323447E24002F3F95 /* SharedContainer.swift in Sources */ = {isa = PBXBuildFile; fileRef = F0039EC223447E24002F3F95 /* SharedContainer.swift */; };
		F0039EC423447E24002F3F95 /* SharedContainer.swift in Sources */ = {isa = PBXBuildFile; fileRef = F0039EC223447E24002F3F95 /* SharedContainer.swift */; };
		F00C7C87235783FF003F6D28 /* gtranslator-reverso-speaker.js in Resources */ = {isa = PBXBuildFile; fileRef = F00C7C86235783FF003F6D28 /* gtranslator-reverso-speaker.js */; };
		F00C7C88235783FF003F6D28 /* gtranslator-reverso-speaker.js in Resources */ = {isa = PBXBuildFile; fileRef = F00C7C86235783FF003F6D28 /* gtranslator-reverso-speaker.js */; };
		F01B0198235C5EDF000CB5C1 /* DOMEvent.swift in Sources */ = {isa = PBXBuildFile; fileRef = F0EE0A0F23478C86004A5EAD /* DOMEvent.swift */; };
		F01B019D235C6749000CB5C1 /* Functional-Swift.pdf in Resources */ = {isa = PBXBuildFile; fileRef = F01B019C235C6749000CB5C1 /* Functional-Swift.pdf */; };
		F01B019E235C6749000CB5C1 /* Functional-Swift.pdf in Resources */ = {isa = PBXBuildFile; fileRef = F01B019C235C6749000CB5C1 /* Functional-Swift.pdf */; };
		F022B6E3234E6663005CA0BB /* WKCoordinatorNavigationDelegate.swift in Sources */ = {isa = PBXBuildFile; fileRef = F022B6E2234E6663005CA0BB /* WKCoordinatorNavigationDelegate.swift */; };
		F022B6E4234E6663005CA0BB /* WKCoordinatorNavigationDelegate.swift in Sources */ = {isa = PBXBuildFile; fileRef = F022B6E2234E6663005CA0BB /* WKCoordinatorNavigationDelegate.swift */; };
		F026B1E82344830200E032B9 /* SafariView.swift in Sources */ = {isa = PBXBuildFile; fileRef = F026B1E72344830200E032B9 /* SafariView.swift */; };
		F040D5782336A77D004567B8 /* UserDefault.swift in Sources */ = {isa = PBXBuildFile; fileRef = F040D5772336A77D004567B8 /* UserDefault.swift */; };
		F040D57C2336BD97004567B8 /* README.md in Resources */ = {isa = PBXBuildFile; fileRef = F040D57B2336BD97004567B8 /* README.md */; };
		F049244F2341F54800F3C728 /* Image.swift in Sources */ = {isa = PBXBuildFile; fileRef = F049244E2341F54800F3C728 /* Image.swift */; };
		F06DB0FF2344856300C2DE90 /* Store.swift in Sources */ = {isa = PBXBuildFile; fileRef = F0AA69D7232E978E007CC07B /* Store.swift */; };
		F06DB1002344856300C2DE90 /* Store.swift in Sources */ = {isa = PBXBuildFile; fileRef = F0AA69D7232E978E007CC07B /* Store.swift */; };
		F06DB1042344975E00C2DE90 /* Stack.swift in Sources */ = {isa = PBXBuildFile; fileRef = F06DB1032344975E00C2DE90 /* Stack.swift */; };
		F06DB1052344975E00C2DE90 /* Stack.swift in Sources */ = {isa = PBXBuildFile; fileRef = F06DB1032344975E00C2DE90 /* Stack.swift */; };
		F06DB10B234504FD00C2DE90 /* EditorNSTextRepresentable.swift in Sources */ = {isa = PBXBuildFile; fileRef = F06DB109234504FD00C2DE90 /* EditorNSTextRepresentable.swift */; };
		F06DB10D23450B6000C2DE90 /* View.swift in Sources */ = {isa = PBXBuildFile; fileRef = F06DB10C23450B6000C2DE90 /* View.swift */; };
		F06DB10E23450B6000C2DE90 /* View.swift in Sources */ = {isa = PBXBuildFile; fileRef = F06DB10C23450B6000C2DE90 /* View.swift */; };
		F06DB1122345ECC000C2DE90 /* StatusBarView_Voice_Toggle.swift in Sources */ = {isa = PBXBuildFile; fileRef = F06DB1112345ECC000C2DE90 /* StatusBarView_Voice_Toggle.swift */; };
		F06DB1132345ECC000C2DE90 /* StatusBarView_Voice_Toggle.swift in Sources */ = {isa = PBXBuildFile; fileRef = F06DB1112345ECC000C2DE90 /* StatusBarView_Voice_Toggle.swift */; };
		F06DB117234611BB00C2DE90 /* ExtensionManager.swift in Sources */ = {isa = PBXBuildFile; fileRef = F06DB115234611BB00C2DE90 /* ExtensionManager.swift */; };
		F06DB1182346172D00C2DE90 /* ExtensionManager.swift in Sources */ = {isa = PBXBuildFile; fileRef = F06DB115234611BB00C2DE90 /* ExtensionManager.swift */; };
		F075443A234479DA00E1D88E /* AppDelegate.swift in Sources */ = {isa = PBXBuildFile; fileRef = F0754439234479DA00E1D88E /* AppDelegate.swift */; };
		F075443E234479DB00E1D88E /* Assets.xcassets in Resources */ = {isa = PBXBuildFile; fileRef = F075443D234479DB00E1D88E /* Assets.xcassets */; };
		F0754441234479DB00E1D88E /* Preview Assets.xcassets in Resources */ = {isa = PBXBuildFile; fileRef = F0754440234479DB00E1D88E /* Preview Assets.xcassets */; };
		F0754444234479DB00E1D88E /* Main.storyboard in Resources */ = {isa = PBXBuildFile; fileRef = F0754442234479DB00E1D88E /* Main.storyboard */; };
		F075444F23447A2700E1D88E /* Cocoa.framework in Frameworks */ = {isa = PBXBuildFile; fileRef = F00644462341E22D006BCA94 /* Cocoa.framework */; };
		F075445223447A2800E1D88E /* SafariExtensionHandler.swift in Sources */ = {isa = PBXBuildFile; fileRef = F075445123447A2800E1D88E /* SafariExtensionHandler.swift */; };
		F075445423447A2800E1D88E /* SafariExtensionViewController.swift in Sources */ = {isa = PBXBuildFile; fileRef = F075445323447A2800E1D88E /* SafariExtensionViewController.swift */; };
		F075445723447A2800E1D88E /* SafariExtensionViewController.xib in Resources */ = {isa = PBXBuildFile; fileRef = F075445523447A2800E1D88E /* SafariExtensionViewController.xib */; };
		F075445A23447A2800E1D88E /* reader-translator.js in Resources */ = {isa = PBXBuildFile; fileRef = F075445923447A2800E1D88E /* reader-translator.js */; };
		F075445C23447A2800E1D88E /* ToolbarItemIcon.pdf in Resources */ = {isa = PBXBuildFile; fileRef = F075445B23447A2800E1D88E /* ToolbarItemIcon.pdf */; };
		F075446023447A2800E1D88E /* ReaderTranslatorSafari.appex in Embed App Extensions */ = {isa = PBXBuildFile; fileRef = F075444E23447A2700E1D88E /* ReaderTranslatorSafari.appex */; settings = {ATTRIBUTES = (RemoveHeadersOnCopy, ); }; };
		F0814BA223562AF300212F52 /* Set.swift in Sources */ = {isa = PBXBuildFile; fileRef = F0814BA123562AF300212F52 /* Set.swift */; };
		F0814BA323562AF300212F52 /* Set.swift in Sources */ = {isa = PBXBuildFile; fileRef = F0814BA123562AF300212F52 /* Set.swift */; };
		F0814BA423562AF300212F52 /* Set.swift in Sources */ = {isa = PBXBuildFile; fileRef = F0814BA123562AF300212F52 /* Set.swift */; };
		F0A001C623587121009E9CD6 /* reverso-reverso-speaker.js in Resources */ = {isa = PBXBuildFile; fileRef = F0A001C523587121009E9CD6 /* reverso-reverso-speaker.js */; };
		F0A001C723587121009E9CD6 /* reverso-reverso-speaker.js in Resources */ = {isa = PBXBuildFile; fileRef = F0A001C523587121009E9CD6 /* reverso-reverso-speaker.js */; };
		F0AA69A1232E9710007CC07B /* AppDelegate.swift in Sources */ = {isa = PBXBuildFile; fileRef = F0AA69A0232E9710007CC07B /* AppDelegate.swift */; };
		F0AA69A3232E9710007CC07B /* SceneDelegate.swift in Sources */ = {isa = PBXBuildFile; fileRef = F0AA69A2232E9710007CC07B /* SceneDelegate.swift */; };
		F0AA69A5232E9710007CC07B /* ContentView.swift in Sources */ = {isa = PBXBuildFile; fileRef = F0AA69A4232E9710007CC07B /* ContentView.swift */; };
		F0AA69A7232E9712007CC07B /* Assets.xcassets in Resources */ = {isa = PBXBuildFile; fileRef = F0AA69A6232E9712007CC07B /* Assets.xcassets */; };
		F0AA69AA232E9712007CC07B /* Preview Assets.xcassets in Resources */ = {isa = PBXBuildFile; fileRef = F0AA69A9232E9712007CC07B /* Preview Assets.xcassets */; };
		F0AA69AD232E9712007CC07B /* LaunchScreen.storyboard in Resources */ = {isa = PBXBuildFile; fileRef = F0AA69AB232E9712007CC07B /* LaunchScreen.storyboard */; };
		F0AA69D4232E9762007CC07B /* ReaderView.swift in Sources */ = {isa = PBXBuildFile; fileRef = F0AA69D2232E9762007CC07B /* ReaderView.swift */; };
		F0AA69D5232E9762007CC07B /* StatusBarView.swift in Sources */ = {isa = PBXBuildFile; fileRef = F0AA69D3232E9762007CC07B /* StatusBarView.swift */; };
		F0AA69DE232E97B0007CC07B /* SpeechSynthesizer.swift in Sources */ = {isa = PBXBuildFile; fileRef = F0AA69DA232E97AF007CC07B /* SpeechSynthesizer.swift */; };
		F0AA69DF232E97B0007CC07B /* GTranslator.swift in Sources */ = {isa = PBXBuildFile; fileRef = F0AA69DB232E97AF007CC07B /* GTranslator.swift */; };
		F0AA69E0232E97B0007CC07B /* WKRepresenter.swift in Sources */ = {isa = PBXBuildFile; fileRef = F0AA69DC232E97B0007CC07B /* WKRepresenter.swift */; };
		F0AA69E1232E97B0007CC07B /* PDFKitView.swift in Sources */ = {isa = PBXBuildFile; fileRef = F0AA69DD232E97B0007CC07B /* PDFKitView.swift */; };
		F0AB12A3233F5798005B9F2A /* ReaderView_PDF.swift in Sources */ = {isa = PBXBuildFile; fileRef = F0AB12A2233F5798005B9F2A /* ReaderView_PDF.swift */; };
		F0AB12A5233F57B3005B9F2A /* ReaderView_Web.swift in Sources */ = {isa = PBXBuildFile; fileRef = F0AB12A4233F57B3005B9F2A /* ReaderView_Web.swift */; };
		F0AB12A8233F5802005B9F2A /* StatusBarView_Tabs.swift in Sources */ = {isa = PBXBuildFile; fileRef = F0AB12A7233F5802005B9F2A /* StatusBarView_Tabs.swift */; };
		F0AB12AA233F58A2005B9F2A /* StatusBarView_Zoom.swift in Sources */ = {isa = PBXBuildFile; fileRef = F0AB12A9233F58A2005B9F2A /* StatusBarView_Zoom.swift */; };
		F0AB12AC233F5908005B9F2A /* StatusBarView_ViewMode.swift in Sources */ = {isa = PBXBuildFile; fileRef = F0AB12AB233F5908005B9F2A /* StatusBarView_ViewMode.swift */; };
		F0AB12AE233F5950005B9F2A /* StatusBarView_PdfPage.swift in Sources */ = {isa = PBXBuildFile; fileRef = F0AB12AD233F5950005B9F2A /* StatusBarView_PdfPage.swift */; };
		F0AB12B0233F5968005B9F2A /* StatusBarView_Voice.swift in Sources */ = {isa = PBXBuildFile; fileRef = F0AB12AF233F5968005B9F2A /* StatusBarView_Voice.swift */; };
		F0AB12B2233F597B005B9F2A /* StatusBarView_Voice_Select.swift in Sources */ = {isa = PBXBuildFile; fileRef = F0AB12B1233F597B005B9F2A /* StatusBarView_Voice_Select.swift */; };
		F0AB12B4233F599C005B9F2A /* StatusBarView_Voice_Favorite.swift in Sources */ = {isa = PBXBuildFile; fileRef = F0AB12B3233F599C005B9F2A /* StatusBarView_Voice_Favorite.swift */; };
		F0AB12B6233F59B4005B9F2A /* StatusBarView_Voice_Volume.swift in Sources */ = {isa = PBXBuildFile; fileRef = F0AB12B5233F59B4005B9F2A /* StatusBarView_Voice_Volume.swift */; };
		F0BB436C2344842200ADBEF1 /* ReaderView.swift in Sources */ = {isa = PBXBuildFile; fileRef = F0AA69D2232E9762007CC07B /* ReaderView.swift */; };
		F0BB436E2344843400ADBEF1 /* String.swift in Sources */ = {isa = PBXBuildFile; fileRef = F0F256BC233D309F00C9D719 /* String.swift */; };
		F0BB436F2344843400ADBEF1 /* Image.swift in Sources */ = {isa = PBXBuildFile; fileRef = F049244E2341F54800F3C728 /* Image.swift */; };
		F0BB43702344843900ADBEF1 /* Published.swift in Sources */ = {isa = PBXBuildFile; fileRef = F002C629232FF40C00D3FC04 /* Published.swift */; };
		F0BB43712344843900ADBEF1 /* UserDefault.swift in Sources */ = {isa = PBXBuildFile; fileRef = F040D5772336A77D004567B8 /* UserDefault.swift */; };
		F0BB43722344843D00ADBEF1 /* FavoriteVoiceName.swift in Sources */ = {isa = PBXBuildFile; fileRef = F0F256C1233E6C4C00C9D719 /* FavoriteVoiceName.swift */; };
		F0BB43742344844800ADBEF1 /* PDFKitView.swift in Sources */ = {isa = PBXBuildFile; fileRef = F0AA69DD232E97B0007CC07B /* PDFKitView.swift */; };
		F0BB43752344844800ADBEF1 /* SpeechSynthesizer.swift in Sources */ = {isa = PBXBuildFile; fileRef = F0AA69DA232E97AF007CC07B /* SpeechSynthesizer.swift */; };
		F0BB43762344844800ADBEF1 /* GTranslator.swift in Sources */ = {isa = PBXBuildFile; fileRef = F0AA69DB232E97AF007CC07B /* GTranslator.swift */; };
		F0BB43772344844800ADBEF1 /* WKRepresenter.swift in Sources */ = {isa = PBXBuildFile; fileRef = F0AA69DC232E97B0007CC07B /* WKRepresenter.swift */; };
		F0BB43782344845000ADBEF1 /* StatusBarView.swift in Sources */ = {isa = PBXBuildFile; fileRef = F0AA69D3232E9762007CC07B /* StatusBarView.swift */; };
		F0BB43792344845000ADBEF1 /* StatusBarView_Tabs.swift in Sources */ = {isa = PBXBuildFile; fileRef = F0AB12A7233F5802005B9F2A /* StatusBarView_Tabs.swift */; };
		F0BB437A2344845000ADBEF1 /* StatusBarView_Zoom.swift in Sources */ = {isa = PBXBuildFile; fileRef = F0AB12A9233F58A2005B9F2A /* StatusBarView_Zoom.swift */; };
		F0BB437B2344845000ADBEF1 /* StatusBarView_ViewMode.swift in Sources */ = {isa = PBXBuildFile; fileRef = F0AB12AB233F5908005B9F2A /* StatusBarView_ViewMode.swift */; };
		F0BB437C2344845000ADBEF1 /* StatusBarView_PdfPage.swift in Sources */ = {isa = PBXBuildFile; fileRef = F0AB12AD233F5950005B9F2A /* StatusBarView_PdfPage.swift */; };
		F0BB437D2344845000ADBEF1 /* StatusBarView_Voice.swift in Sources */ = {isa = PBXBuildFile; fileRef = F0AB12AF233F5968005B9F2A /* StatusBarView_Voice.swift */; };
		F0BB437E2344845000ADBEF1 /* StatusBarView_Voice_Select.swift in Sources */ = {isa = PBXBuildFile; fileRef = F0AB12B1233F597B005B9F2A /* StatusBarView_Voice_Select.swift */; };
		F0BB437F2344845000ADBEF1 /* StatusBarView_Voice_Favorite.swift in Sources */ = {isa = PBXBuildFile; fileRef = F0AB12B3233F599C005B9F2A /* StatusBarView_Voice_Favorite.swift */; };
		F0BB43802344845000ADBEF1 /* StatusBarView_Voice_Volume.swift in Sources */ = {isa = PBXBuildFile; fileRef = F0AB12B5233F59B4005B9F2A /* StatusBarView_Voice_Volume.swift */; };
		F0BB43812344846200ADBEF1 /* ReaderView_PDF.swift in Sources */ = {isa = PBXBuildFile; fileRef = F0AB12A2233F5798005B9F2A /* ReaderView_PDF.swift */; };
		F0BB43822344846700ADBEF1 /* ReaderView_Web.swift in Sources */ = {isa = PBXBuildFile; fileRef = F0AB12A4233F57B3005B9F2A /* ReaderView_Web.swift */; };
		F0BB43832344846C00ADBEF1 /* ContentView.swift in Sources */ = {isa = PBXBuildFile; fileRef = F0AA69A4232E9710007CC07B /* ContentView.swift */; };
		F0C36A962359AF75001E396C /* StatusBarView_Bookmarks.swift in Sources */ = {isa = PBXBuildFile; fileRef = F0C36A952359AF01001E396C /* StatusBarView_Bookmarks.swift */; };
		F0C36A972359AF76001E396C /* StatusBarView_Bookmarks.swift in Sources */ = {isa = PBXBuildFile; fileRef = F0C36A952359AF01001E396C /* StatusBarView_Bookmarks.swift */; };
		F0C36A9D2359C78A001E396C /* Array.swift in Sources */ = {isa = PBXBuildFile; fileRef = F0C36A9C2359C78A001E396C /* Array.swift */; };
		F0C36A9E2359C78A001E396C /* Array.swift in Sources */ = {isa = PBXBuildFile; fileRef = F0C36A9C2359C78A001E396C /* Array.swift */; };
		F0C36A9F2359C78A001E396C /* Array.swift in Sources */ = {isa = PBXBuildFile; fileRef = F0C36A9C2359C78A001E396C /* Array.swift */; };
		F0C36AA12359D50A001E396C /* Clipboard.swift in Sources */ = {isa = PBXBuildFile; fileRef = F0C36AA02359D50A001E396C /* Clipboard.swift */; };
		F0C36AA22359D50A001E396C /* Clipboard.swift in Sources */ = {isa = PBXBuildFile; fileRef = F0C36AA02359D50A001E396C /* Clipboard.swift */; };
		F0C36AA7235ADF5E001E396C /* reader-translator.js in Resources */ = {isa = PBXBuildFile; fileRef = F075445923447A2800E1D88E /* reader-translator.js */; };
		F0C36AA8235ADF5E001E396C /* reader-translator.js in Resources */ = {isa = PBXBuildFile; fileRef = F075445923447A2800E1D88E /* reader-translator.js */; };
		F0C4EDA42349260000CCD97A /* ReversoView.swift in Sources */ = {isa = PBXBuildFile; fileRef = F01A50E823492398001DCC11 /* ReversoView.swift */; };
		F0C4EDA52349260000CCD97A /* ReversoView.swift in Sources */ = {isa = PBXBuildFile; fileRef = F01A50E823492398001DCC11 /* ReversoView.swift */; };
		F0C4EDA6234926D400CCD97A /* Reverso.swift in Sources */ = {isa = PBXBuildFile; fileRef = F0A9F35A2349228A00970C97 /* Reverso.swift */; };
		F0C4EDA7234926D400CCD97A /* Reverso.swift in Sources */ = {isa = PBXBuildFile; fileRef = F0A9F35A2349228A00970C97 /* Reverso.swift */; };
		F0C4EDA92349271C00CCD97A /* ViewRepresentable.swift in Sources */ = {isa = PBXBuildFile; fileRef = F0C4EDA82349271C00CCD97A /* ViewRepresentable.swift */; };
		F0C4EDAA2349271C00CCD97A /* ViewRepresentable.swift in Sources */ = {isa = PBXBuildFile; fileRef = F0C4EDA82349271C00CCD97A /* ViewRepresentable.swift */; };
		F0C53174234B06D3003174B5 /* WKScriptsSetup.swift in Sources */ = {isa = PBXBuildFile; fileRef = F0C53173234B06D3003174B5 /* WKScriptsSetup.swift */; };
		F0C53175234B06D3003174B5 /* WKScriptsSetup.swift in Sources */ = {isa = PBXBuildFile; fileRef = F0C53173234B06D3003174B5 /* WKScriptsSetup.swift */; };
		F0C53178234B3EE1003174B5 /* WKCoordinator.swift in Sources */ = {isa = PBXBuildFile; fileRef = F0C53177234B3EE1003174B5 /* WKCoordinator.swift */; };
		F0C53179234B3EE1003174B5 /* WKCoordinator.swift in Sources */ = {isa = PBXBuildFile; fileRef = F0C53177234B3EE1003174B5 /* WKCoordinator.swift */; };
		F0C6657C2351A70B0087B6F2 /* Collection.swift in Sources */ = {isa = PBXBuildFile; fileRef = F0C6657B2351A70B0087B6F2 /* Collection.swift */; };
		F0C6657D2351A70B0087B6F2 /* Collection.swift in Sources */ = {isa = PBXBuildFile; fileRef = F0C6657B2351A70B0087B6F2 /* Collection.swift */; };
		F0D2E334234BA49000D95994 /* Safari.swift in Sources */ = {isa = PBXBuildFile; fileRef = F0D2E333234BA49000D95994 /* Safari.swift */; };
		F0D2E335234BA49000D95994 /* Safari.swift in Sources */ = {isa = PBXBuildFile; fileRef = F0D2E333234BA49000D95994 /* Safari.swift */; };
		F0D31C5123491C23003CF86B /* GTranslatorView.swift in Sources */ = {isa = PBXBuildFile; fileRef = F0D31C5023491C23003CF86B /* GTranslatorView.swift */; };
		F0D31C5223491C23003CF86B /* GTranslatorView.swift in Sources */ = {isa = PBXBuildFile; fileRef = F0D31C5023491C23003CF86B /* GTranslatorView.swift */; };
		F0EE0A1023478C86004A5EAD /* DOMEvent.swift in Sources */ = {isa = PBXBuildFile; fileRef = F0EE0A0F23478C86004A5EAD /* DOMEvent.swift */; };
		F0EE0A122347AA0E004A5EAD /* DOMEvent.swift in Sources */ = {isa = PBXBuildFile; fileRef = F0EE0A0F23478C86004A5EAD /* DOMEvent.swift */; };
		F0EE0A162347BF09004A5EAD /* WKPageView.swift in Sources */ = {isa = PBXBuildFile; fileRef = F0EE0A152347BF09004A5EAD /* WKPageView.swift */; };
		F0EE0A172347BF09004A5EAD /* WKPageView.swift in Sources */ = {isa = PBXBuildFile; fileRef = F0EE0A152347BF09004A5EAD /* WKPageView.swift */; };
		F0EE0A19234897CC004A5EAD /* StatusBarView_Safari.swift in Sources */ = {isa = PBXBuildFile; fileRef = F0EE0A18234897CC004A5EAD /* StatusBarView_Safari.swift */; };
		F0EE0A1A234897CC004A5EAD /* StatusBarView_Safari.swift in Sources */ = {isa = PBXBuildFile; fileRef = F0EE0A18234897CC004A5EAD /* StatusBarView_Safari.swift */; };
		F0EE0A1D2348A651004A5EAD /* PDFKitViewRepresentable.swift in Sources */ = {isa = PBXBuildFile; fileRef = F0EE0A1C2348A651004A5EAD /* PDFKitViewRepresentable.swift */; };
		F0EE0A1E2348A66E004A5EAD /* PDFKitViewRepresentable.swift in Sources */ = {isa = PBXBuildFile; fileRef = F0EE0A1C2348A651004A5EAD /* PDFKitViewRepresentable.swift */; };
		F0F256BD233D309F00C9D719 /* String.swift in Sources */ = {isa = PBXBuildFile; fileRef = F0F256BC233D309F00C9D719 /* String.swift */; };
		F0F256C2233E6C4C00C9D719 /* FavoriteVoiceName.swift in Sources */ = {isa = PBXBuildFile; fileRef = F0F256C1233E6C4C00C9D719 /* FavoriteVoiceName.swift */; };
/* End PBXBuildFile section */

/* Begin PBXContainerItemProxy section */
		F075445E23447A2800E1D88E /* PBXContainerItemProxy */ = {
			isa = PBXContainerItemProxy;
			containerPortal = F0AA6995232E9710007CC07B /* Project object */;
			proxyType = 1;
			remoteGlobalIDString = F075444D23447A2700E1D88E;
			remoteInfo = ReaderTranslatorSafari;
		};
/* End PBXContainerItemProxy section */

/* Begin PBXCopyFilesBuildPhase section */
		F075446423447A2800E1D88E /* Embed App Extensions */ = {
			isa = PBXCopyFilesBuildPhase;
			buildActionMask = 2147483647;
			dstPath = "";
			dstSubfolderSpec = 13;
			files = (
				F075446023447A2800E1D88E /* ReaderTranslatorSafari.appex in Embed App Extensions */,
			);
			name = "Embed App Extensions";
			runOnlyForDeploymentPostprocessing = 0;
		};
/* End PBXCopyFilesBuildPhase section */

/* Begin PBXFileReference section */
		F001A700235E095700617573 /* ServiceProvider.swift */ = {isa = PBXFileReference; fileEncoding = 4; lastKnownFileType = sourcecode.swift; path = ServiceProvider.swift; sourceTree = "<group>"; };
		F002C629232FF40C00D3FC04 /* Published.swift */ = {isa = PBXFileReference; fileEncoding = 4; lastKnownFileType = sourcecode.swift; path = Published.swift; sourceTree = "<group>"; };
		F0039EC223447E24002F3F95 /* SharedContainer.swift */ = {isa = PBXFileReference; lastKnownFileType = sourcecode.swift; path = SharedContainer.swift; sourceTree = "<group>"; };
		F00644442341E22D006BCA94 /* ReaderTranslatorSafari.appex */ = {isa = PBXFileReference; explicitFileType = "wrapper.app-extension"; includeInIndex = 0; name = ReaderTranslatorSafari.appex; path = "/Volumes/Macintosh HD/Users/filimo/MyProjects/SwiftUI/ReaderTranslator/build/Debug/ReaderTranslatorSafari.appex"; sourceTree = "<absolute>"; };
		F00644462341E22D006BCA94 /* Cocoa.framework */ = {isa = PBXFileReference; lastKnownFileType = wrapper.framework; name = Cocoa.framework; path = Library/Frameworks/Cocoa.framework; sourceTree = DEVELOPER_DIR; };
		F00C7C86235783FF003F6D28 /* gtranslator-reverso-speaker.js */ = {isa = PBXFileReference; lastKnownFileType = sourcecode.javascript; path = "gtranslator-reverso-speaker.js"; sourceTree = "<group>"; };
		F01A50E823492398001DCC11 /* ReversoView.swift */ = {isa = PBXFileReference; lastKnownFileType = sourcecode.swift; path = ReversoView.swift; sourceTree = "<group>"; };
		F01B019C235C6749000CB5C1 /* Functional-Swift.pdf */ = {isa = PBXFileReference; lastKnownFileType = image.pdf; path = "Functional-Swift.pdf"; sourceTree = "<group>"; };
		F022B6E2234E6663005CA0BB /* WKCoordinatorNavigationDelegate.swift */ = {isa = PBXFileReference; lastKnownFileType = sourcecode.swift; path = WKCoordinatorNavigationDelegate.swift; sourceTree = "<group>"; };
		F026B1E72344830200E032B9 /* SafariView.swift */ = {isa = PBXFileReference; lastKnownFileType = sourcecode.swift; path = SafariView.swift; sourceTree = "<group>"; };
		F03D7DFD234DF59500E53E3D /* files */ = {isa = PBXFileReference; lastKnownFileType = folder; path = files; sourceTree = "<group>"; };
		F040D5772336A77D004567B8 /* UserDefault.swift */ = {isa = PBXFileReference; lastKnownFileType = sourcecode.swift; path = UserDefault.swift; sourceTree = "<group>"; };
		F040D57B2336BD97004567B8 /* README.md */ = {isa = PBXFileReference; fileEncoding = 4; lastKnownFileType = net.daringfireball.markdown; path = README.md; sourceTree = "<group>"; };
		F049244E2341F54800F3C728 /* Image.swift */ = {isa = PBXFileReference; lastKnownFileType = sourcecode.swift; path = Image.swift; sourceTree = "<group>"; };
		F06DB1032344975E00C2DE90 /* Stack.swift */ = {isa = PBXFileReference; lastKnownFileType = sourcecode.swift; path = Stack.swift; sourceTree = "<group>"; };
		F06DB109234504FD00C2DE90 /* EditorNSTextRepresentable.swift */ = {isa = PBXFileReference; lastKnownFileType = sourcecode.swift; path = EditorNSTextRepresentable.swift; sourceTree = "<group>"; };
		F06DB10C23450B6000C2DE90 /* View.swift */ = {isa = PBXFileReference; lastKnownFileType = sourcecode.swift; path = View.swift; sourceTree = "<group>"; };
		F06DB1112345ECC000C2DE90 /* StatusBarView_Voice_Toggle.swift */ = {isa = PBXFileReference; lastKnownFileType = sourcecode.swift; path = StatusBarView_Voice_Toggle.swift; sourceTree = "<group>"; };
		F06DB115234611BB00C2DE90 /* ExtensionManager.swift */ = {isa = PBXFileReference; lastKnownFileType = sourcecode.swift; path = ExtensionManager.swift; sourceTree = "<group>"; };
		F0754437234479DA00E1D88E /* ReaderTranslatorMac.app */ = {isa = PBXFileReference; explicitFileType = wrapper.application; includeInIndex = 0; path = ReaderTranslatorMac.app; sourceTree = BUILT_PRODUCTS_DIR; };
		F0754439234479DA00E1D88E /* AppDelegate.swift */ = {isa = PBXFileReference; lastKnownFileType = sourcecode.swift; path = AppDelegate.swift; sourceTree = "<group>"; };
		F075443D234479DB00E1D88E /* Assets.xcassets */ = {isa = PBXFileReference; lastKnownFileType = folder.assetcatalog; path = Assets.xcassets; sourceTree = "<group>"; };
		F0754440234479DB00E1D88E /* Preview Assets.xcassets */ = {isa = PBXFileReference; lastKnownFileType = folder.assetcatalog; path = "Preview Assets.xcassets"; sourceTree = "<group>"; };
		F0754443234479DB00E1D88E /* Base */ = {isa = PBXFileReference; lastKnownFileType = file.storyboard; name = Base; path = Base.lproj/Main.storyboard; sourceTree = "<group>"; };
		F0754445234479DB00E1D88E /* Info.plist */ = {isa = PBXFileReference; lastKnownFileType = text.plist.xml; path = Info.plist; sourceTree = "<group>"; };
		F0754446234479DB00E1D88E /* ReaderTranslatorMac.entitlements */ = {isa = PBXFileReference; lastKnownFileType = text.plist.entitlements; path = ReaderTranslatorMac.entitlements; sourceTree = "<group>"; };
		F075444E23447A2700E1D88E /* ReaderTranslatorSafari.appex */ = {isa = PBXFileReference; explicitFileType = "wrapper.app-extension"; includeInIndex = 0; path = ReaderTranslatorSafari.appex; sourceTree = BUILT_PRODUCTS_DIR; };
		F075445123447A2800E1D88E /* SafariExtensionHandler.swift */ = {isa = PBXFileReference; lastKnownFileType = sourcecode.swift; path = SafariExtensionHandler.swift; sourceTree = "<group>"; };
		F075445323447A2800E1D88E /* SafariExtensionViewController.swift */ = {isa = PBXFileReference; lastKnownFileType = sourcecode.swift; path = SafariExtensionViewController.swift; sourceTree = "<group>"; };
		F075445623447A2800E1D88E /* Base */ = {isa = PBXFileReference; lastKnownFileType = file.xib; name = Base; path = Base.lproj/SafariExtensionViewController.xib; sourceTree = "<group>"; };
		F075445823447A2800E1D88E /* Info.plist */ = {isa = PBXFileReference; lastKnownFileType = text.plist.xml; path = Info.plist; sourceTree = "<group>"; };
		F075445923447A2800E1D88E /* reader-translator.js */ = {isa = PBXFileReference; lastKnownFileType = sourcecode.javascript; path = "reader-translator.js"; sourceTree = "<group>"; xcLanguageSpecificationIdentifier = xcode.lang.javascript; };
		F075445B23447A2800E1D88E /* ToolbarItemIcon.pdf */ = {isa = PBXFileReference; lastKnownFileType = image.pdf; path = ToolbarItemIcon.pdf; sourceTree = "<group>"; };
		F075445D23447A2800E1D88E /* ReaderTranslatorSafari.entitlements */ = {isa = PBXFileReference; lastKnownFileType = text.plist.entitlements; path = ReaderTranslatorSafari.entitlements; sourceTree = "<group>"; };
		F0814BA123562AF300212F52 /* Set.swift */ = {isa = PBXFileReference; lastKnownFileType = sourcecode.swift; path = Set.swift; sourceTree = "<group>"; };
		F0A001C523587121009E9CD6 /* reverso-reverso-speaker.js */ = {isa = PBXFileReference; lastKnownFileType = sourcecode.javascript; path = "reverso-reverso-speaker.js"; sourceTree = "<group>"; };
		F0A9F35A2349228A00970C97 /* Reverso.swift */ = {isa = PBXFileReference; lastKnownFileType = sourcecode.swift; path = Reverso.swift; sourceTree = "<group>"; };
		F0AA699D232E9710007CC07B /* ReaderTranslator.app */ = {isa = PBXFileReference; explicitFileType = wrapper.application; includeInIndex = 0; path = ReaderTranslator.app; sourceTree = BUILT_PRODUCTS_DIR; };
		F0AA69A0232E9710007CC07B /* AppDelegate.swift */ = {isa = PBXFileReference; lastKnownFileType = sourcecode.swift; path = AppDelegate.swift; sourceTree = "<group>"; };
		F0AA69A2232E9710007CC07B /* SceneDelegate.swift */ = {isa = PBXFileReference; lastKnownFileType = sourcecode.swift; path = SceneDelegate.swift; sourceTree = "<group>"; };
		F0AA69A4232E9710007CC07B /* ContentView.swift */ = {isa = PBXFileReference; lastKnownFileType = sourcecode.swift; path = ContentView.swift; sourceTree = "<group>"; };
		F0AA69A6232E9712007CC07B /* Assets.xcassets */ = {isa = PBXFileReference; lastKnownFileType = folder.assetcatalog; path = Assets.xcassets; sourceTree = "<group>"; };
		F0AA69A9232E9712007CC07B /* Preview Assets.xcassets */ = {isa = PBXFileReference; lastKnownFileType = folder.assetcatalog; path = "Preview Assets.xcassets"; sourceTree = "<group>"; };
		F0AA69AC232E9712007CC07B /* Base */ = {isa = PBXFileReference; lastKnownFileType = file.storyboard; name = Base; path = Base.lproj/LaunchScreen.storyboard; sourceTree = "<group>"; };
		F0AA69AE232E9712007CC07B /* Info.plist */ = {isa = PBXFileReference; lastKnownFileType = text.plist.xml; path = Info.plist; sourceTree = "<group>"; };
		F0AA69D2232E9762007CC07B /* ReaderView.swift */ = {isa = PBXFileReference; fileEncoding = 4; lastKnownFileType = sourcecode.swift; path = ReaderView.swift; sourceTree = "<group>"; };
		F0AA69D3232E9762007CC07B /* StatusBarView.swift */ = {isa = PBXFileReference; fileEncoding = 4; lastKnownFileType = sourcecode.swift; path = StatusBarView.swift; sourceTree = "<group>"; };
		F0AA69D7232E978E007CC07B /* Store.swift */ = {isa = PBXFileReference; fileEncoding = 4; lastKnownFileType = sourcecode.swift; path = Store.swift; sourceTree = "<group>"; };
		F0AA69DA232E97AF007CC07B /* SpeechSynthesizer.swift */ = {isa = PBXFileReference; fileEncoding = 4; lastKnownFileType = sourcecode.swift; path = SpeechSynthesizer.swift; sourceTree = "<group>"; };
		F0AA69DB232E97AF007CC07B /* GTranslator.swift */ = {isa = PBXFileReference; fileEncoding = 4; lastKnownFileType = sourcecode.swift; path = GTranslator.swift; sourceTree = "<group>"; };
		F0AA69DC232E97B0007CC07B /* WKRepresenter.swift */ = {isa = PBXFileReference; fileEncoding = 4; lastKnownFileType = sourcecode.swift; path = WKRepresenter.swift; sourceTree = "<group>"; };
		F0AA69DD232E97B0007CC07B /* PDFKitView.swift */ = {isa = PBXFileReference; fileEncoding = 4; lastKnownFileType = sourcecode.swift; path = PDFKitView.swift; sourceTree = "<group>"; };
		F0AA69E5232E989F007CC07B /* ReaderTranslator.entitlements */ = {isa = PBXFileReference; lastKnownFileType = text.plist.entitlements; path = ReaderTranslator.entitlements; sourceTree = "<group>"; };
		F0AB12A2233F5798005B9F2A /* ReaderView_PDF.swift */ = {isa = PBXFileReference; lastKnownFileType = sourcecode.swift; path = ReaderView_PDF.swift; sourceTree = "<group>"; };
		F0AB12A4233F57B3005B9F2A /* ReaderView_Web.swift */ = {isa = PBXFileReference; lastKnownFileType = sourcecode.swift; path = ReaderView_Web.swift; sourceTree = "<group>"; };
		F0AB12A7233F5802005B9F2A /* StatusBarView_Tabs.swift */ = {isa = PBXFileReference; lastKnownFileType = sourcecode.swift; path = StatusBarView_Tabs.swift; sourceTree = "<group>"; };
		F0AB12A9233F58A2005B9F2A /* StatusBarView_Zoom.swift */ = {isa = PBXFileReference; lastKnownFileType = sourcecode.swift; path = StatusBarView_Zoom.swift; sourceTree = "<group>"; };
		F0AB12AB233F5908005B9F2A /* StatusBarView_ViewMode.swift */ = {isa = PBXFileReference; lastKnownFileType = sourcecode.swift; path = StatusBarView_ViewMode.swift; sourceTree = "<group>"; };
		F0AB12AD233F5950005B9F2A /* StatusBarView_PdfPage.swift */ = {isa = PBXFileReference; lastKnownFileType = sourcecode.swift; path = StatusBarView_PdfPage.swift; sourceTree = "<group>"; };
		F0AB12AF233F5968005B9F2A /* StatusBarView_Voice.swift */ = {isa = PBXFileReference; lastKnownFileType = sourcecode.swift; path = StatusBarView_Voice.swift; sourceTree = "<group>"; };
		F0AB12B1233F597B005B9F2A /* StatusBarView_Voice_Select.swift */ = {isa = PBXFileReference; lastKnownFileType = sourcecode.swift; path = StatusBarView_Voice_Select.swift; sourceTree = "<group>"; };
		F0AB12B3233F599C005B9F2A /* StatusBarView_Voice_Favorite.swift */ = {isa = PBXFileReference; lastKnownFileType = sourcecode.swift; path = StatusBarView_Voice_Favorite.swift; sourceTree = "<group>"; };
		F0AB12B5233F59B4005B9F2A /* StatusBarView_Voice_Volume.swift */ = {isa = PBXFileReference; lastKnownFileType = sourcecode.swift; path = StatusBarView_Voice_Volume.swift; sourceTree = "<group>"; };
		F0C36A952359AF01001E396C /* StatusBarView_Bookmarks.swift */ = {isa = PBXFileReference; lastKnownFileType = sourcecode.swift; path = StatusBarView_Bookmarks.swift; sourceTree = "<group>"; };
		F0C36A9C2359C78A001E396C /* Array.swift */ = {isa = PBXFileReference; lastKnownFileType = sourcecode.swift; path = Array.swift; sourceTree = "<group>"; };
		F0C36AA02359D50A001E396C /* Clipboard.swift */ = {isa = PBXFileReference; lastKnownFileType = sourcecode.swift; path = Clipboard.swift; sourceTree = "<group>"; };
		F0C4EDA82349271C00CCD97A /* ViewRepresentable.swift */ = {isa = PBXFileReference; lastKnownFileType = sourcecode.swift; path = ViewRepresentable.swift; sourceTree = "<group>"; };
		F0C53173234B06D3003174B5 /* WKScriptsSetup.swift */ = {isa = PBXFileReference; lastKnownFileType = sourcecode.swift; path = WKScriptsSetup.swift; sourceTree = "<group>"; };
		F0C53177234B3EE1003174B5 /* WKCoordinator.swift */ = {isa = PBXFileReference; lastKnownFileType = sourcecode.swift; path = WKCoordinator.swift; sourceTree = "<group>"; };
		F0C6657B2351A70B0087B6F2 /* Collection.swift */ = {isa = PBXFileReference; lastKnownFileType = sourcecode.swift; path = Collection.swift; sourceTree = "<group>"; };
		F0D2E333234BA49000D95994 /* Safari.swift */ = {isa = PBXFileReference; lastKnownFileType = sourcecode.swift; path = Safari.swift; sourceTree = "<group>"; };
		F0D31C5023491C23003CF86B /* GTranslatorView.swift */ = {isa = PBXFileReference; lastKnownFileType = sourcecode.swift; path = GTranslatorView.swift; sourceTree = "<group>"; };
		F0EE0A0F23478C86004A5EAD /* DOMEvent.swift */ = {isa = PBXFileReference; lastKnownFileType = sourcecode.swift; path = DOMEvent.swift; sourceTree = "<group>"; };
		F0EE0A152347BF09004A5EAD /* WKPageView.swift */ = {isa = PBXFileReference; lastKnownFileType = sourcecode.swift; path = WKPageView.swift; sourceTree = "<group>"; };
		F0EE0A18234897CC004A5EAD /* StatusBarView_Safari.swift */ = {isa = PBXFileReference; lastKnownFileType = sourcecode.swift; path = StatusBarView_Safari.swift; sourceTree = "<group>"; };
		F0EE0A1C2348A651004A5EAD /* PDFKitViewRepresentable.swift */ = {isa = PBXFileReference; lastKnownFileType = sourcecode.swift; path = PDFKitViewRepresentable.swift; sourceTree = "<group>"; };
		F0F256BC233D309F00C9D719 /* String.swift */ = {isa = PBXFileReference; lastKnownFileType = sourcecode.swift; path = String.swift; sourceTree = "<group>"; };
		F0F256C1233E6C4C00C9D719 /* FavoriteVoiceName.swift */ = {isa = PBXFileReference; lastKnownFileType = sourcecode.swift; path = FavoriteVoiceName.swift; sourceTree = "<group>"; };
/* End PBXFileReference section */

/* Begin PBXFrameworksBuildPhase section */
		F0754434234479DA00E1D88E /* Frameworks */ = {
			isa = PBXFrameworksBuildPhase;
			buildActionMask = 2147483647;
			files = (
			);
			runOnlyForDeploymentPostprocessing = 0;
		};
		F075444B23447A2700E1D88E /* Frameworks */ = {
			isa = PBXFrameworksBuildPhase;
			buildActionMask = 2147483647;
			files = (
				F075444F23447A2700E1D88E /* Cocoa.framework in Frameworks */,
			);
			runOnlyForDeploymentPostprocessing = 0;
		};
		F0AA699A232E9710007CC07B /* Frameworks */ = {
			isa = PBXFrameworksBuildPhase;
			buildActionMask = 2147483647;
			files = (
			);
			runOnlyForDeploymentPostprocessing = 0;
		};
/* End PBXFrameworksBuildPhase section */

/* Begin PBXGroup section */
		F00644452341E22D006BCA94 /* Frameworks */ = {
			isa = PBXGroup;
			children = (
				F00644462341E22D006BCA94 /* Cocoa.framework */,
			);
			name = Frameworks;
			sourceTree = "<group>";
		};
		F04924372341F2F800F3C728 /* Recovered References */ = {
			isa = PBXGroup;
			children = (
				F00644442341E22D006BCA94 /* ReaderTranslatorSafari.appex */,
			);
			name = "Recovered References";
			sourceTree = "<group>";
		};
		F06DB1142345ED3800C2DE90 /* StatusBarView_Voice */ = {
			isa = PBXGroup;
			children = (
				F0AB12AF233F5968005B9F2A /* StatusBarView_Voice.swift */,
				F0AB12B1233F597B005B9F2A /* StatusBarView_Voice_Select.swift */,
				F0AB12B3233F599C005B9F2A /* StatusBarView_Voice_Favorite.swift */,
				F0AB12B5233F59B4005B9F2A /* StatusBarView_Voice_Volume.swift */,
				F06DB1112345ECC000C2DE90 /* StatusBarView_Voice_Toggle.swift */,
			);
			path = StatusBarView_Voice;
			sourceTree = "<group>";
		};
		F0754438234479DA00E1D88E /* ReaderTranslatorMac */ = {
			isa = PBXGroup;
			children = (
				F075443D234479DB00E1D88E /* Assets.xcassets */,
				F0754439234479DA00E1D88E /* AppDelegate.swift */,
				F0754442234479DB00E1D88E /* Main.storyboard */,
				F0754445234479DB00E1D88E /* Info.plist */,
				F0754446234479DB00E1D88E /* ReaderTranslatorMac.entitlements */,
				F075443F234479DB00E1D88E /* Preview Content */,
			);
			path = ReaderTranslatorMac;
			sourceTree = "<group>";
		};
		F075443F234479DB00E1D88E /* Preview Content */ = {
			isa = PBXGroup;
			children = (
				F0754440234479DB00E1D88E /* Preview Assets.xcassets */,
			);
			path = "Preview Content";
			sourceTree = "<group>";
		};
		F075445023447A2800E1D88E /* ReaderTranslatorSafari */ = {
			isa = PBXGroup;
			children = (
				F075445123447A2800E1D88E /* SafariExtensionHandler.swift */,
				F075445323447A2800E1D88E /* SafariExtensionViewController.swift */,
				F075445523447A2800E1D88E /* SafariExtensionViewController.xib */,
				F075445823447A2800E1D88E /* Info.plist */,
				F075445B23447A2800E1D88E /* ToolbarItemIcon.pdf */,
				F075445D23447A2800E1D88E /* ReaderTranslatorSafari.entitlements */,
			);
			path = ReaderTranslatorSafari;
			sourceTree = "<group>";
		};
		F0AA6994232E9710007CC07B = {
			isa = PBXGroup;
			children = (
				F040D57B2336BD97004567B8 /* README.md */,
				F03D7DFD234DF59500E53E3D /* files */,
				F0AA699F232E9710007CC07B /* ReaderTranslator */,
				F0754438234479DA00E1D88E /* ReaderTranslatorMac */,
				F075445023447A2800E1D88E /* ReaderTranslatorSafari */,
				F00644452341E22D006BCA94 /* Frameworks */,
				F0AA699E232E9710007CC07B /* Products */,
				F04924372341F2F800F3C728 /* Recovered References */,
			);
			sourceTree = "<group>";
		};
		F0AA699E232E9710007CC07B /* Products */ = {
			isa = PBXGroup;
			children = (
				F0AA699D232E9710007CC07B /* ReaderTranslator.app */,
				F0754437234479DA00E1D88E /* ReaderTranslatorMac.app */,
				F075444E23447A2700E1D88E /* ReaderTranslatorSafari.appex */,
			);
			name = Products;
			sourceTree = "<group>";
		};
		F0AA699F232E9710007CC07B /* ReaderTranslator */ = {
			isa = PBXGroup;
			children = (
				F0AA69E5232E989F007CC07B /* ReaderTranslator.entitlements */,
				F0AA69D0232E9729007CC07B /* Delegates */,
				F0F256BB233D307C00C9D719 /* Extentions */,
				F0AA69E2232E97C7007CC07B /* Property Wrappers */,
				F0F256C0233E6C2B00C9D719 /* Model */,
				F0AA69D6232E9780007CC07B /* Stores */,
				F0AA69D9232E979B007CC07B /* Components */,
				F0AA69D1232E9733007CC07B /* Views */,
				F0AA69A6232E9712007CC07B /* Assets.xcassets */,
				F01B019C235C6749000CB5C1 /* Functional-Swift.pdf */,
				F0AA69AB232E9712007CC07B /* LaunchScreen.storyboard */,
				F0AA69AE232E9712007CC07B /* Info.plist */,
				F0AA69A8232E9712007CC07B /* Preview Content */,
			);
			path = ReaderTranslator;
			sourceTree = "<group>";
		};
		F0AA69A8232E9712007CC07B /* Preview Content */ = {
			isa = PBXGroup;
			children = (
				F0AA69A9232E9712007CC07B /* Preview Assets.xcassets */,
			);
			path = "Preview Content";
			sourceTree = "<group>";
		};
		F0AA69D0232E9729007CC07B /* Delegates */ = {
			isa = PBXGroup;
			children = (
				F0AA69A0232E9710007CC07B /* AppDelegate.swift */,
				F0AA69A2232E9710007CC07B /* SceneDelegate.swift */,
			);
			path = Delegates;
			sourceTree = "<group>";
		};
		F0AA69D1232E9733007CC07B /* Views */ = {
			isa = PBXGroup;
			children = (
				F0AB12A6233F57EB005B9F2A /* StatusBarView */,
				F0AB12A1233F575E005B9F2A /* ReaderView */,
				F0AA69A4232E9710007CC07B /* ContentView.swift */,
			);
			path = Views;
			sourceTree = "<group>";
		};
		F0AA69D6232E9780007CC07B /* Stores */ = {
			isa = PBXGroup;
			children = (
				F0AA69D7232E978E007CC07B /* Store.swift */,
				F0039EC223447E24002F3F95 /* SharedContainer.swift */,
				F0EE0A0F23478C86004A5EAD /* DOMEvent.swift */,
				F06DB115234611BB00C2DE90 /* ExtensionManager.swift */,
			);
			path = Stores;
			sourceTree = "<group>";
		};
		F0AA69D9232E979B007CC07B /* Components */ = {
			isa = PBXGroup;
			children = (
				F0C36AA32359FA13001E396C /* Scripts */,
				F0EE0A1B2348A645004A5EAD /* PDFKitView */,
				F0EE0A142347BEDB004A5EAD /* WebKit */,
				F0A9F35A2349228A00970C97 /* Reverso.swift */,
				F0AA69DB232E97AF007CC07B /* GTranslator.swift */,
				F0D2E333234BA49000D95994 /* Safari.swift */,
				F06DB109234504FD00C2DE90 /* EditorNSTextRepresentable.swift */,
				F0AA69DA232E97AF007CC07B /* SpeechSynthesizer.swift */,
				F0C36AA02359D50A001E396C /* Clipboard.swift */,
				F001A700235E095700617573 /* ServiceProvider.swift */,
			);
			path = Components;
			sourceTree = "<group>";
		};
		F0AA69E2232E97C7007CC07B /* Property Wrappers */ = {
			isa = PBXGroup;
			children = (
				F002C629232FF40C00D3FC04 /* Published.swift */,
				F040D5772336A77D004567B8 /* UserDefault.swift */,
			);
			path = "Property Wrappers";
			sourceTree = "<group>";
		};
		F0AB12A1233F575E005B9F2A /* ReaderView */ = {
			isa = PBXGroup;
			children = (
				F0C4EDA3234925B800CCD97A /* Modes */,
				F0AA69D2232E9762007CC07B /* ReaderView.swift */,
			);
			path = ReaderView;
			sourceTree = "<group>";
		};
		F0AB12A6233F57EB005B9F2A /* StatusBarView */ = {
			isa = PBXGroup;
			children = (
				F0AA69D3232E9762007CC07B /* StatusBarView.swift */,
				F0EE0A18234897CC004A5EAD /* StatusBarView_Safari.swift */,
				F0C36A952359AF01001E396C /* StatusBarView_Bookmarks.swift */,
				F0AB12A7233F5802005B9F2A /* StatusBarView_Tabs.swift */,
				F0AB12A9233F58A2005B9F2A /* StatusBarView_Zoom.swift */,
				F0AB12AB233F5908005B9F2A /* StatusBarView_ViewMode.swift */,
				F0AB12AD233F5950005B9F2A /* StatusBarView_PdfPage.swift */,
				F06DB1142345ED3800C2DE90 /* StatusBarView_Voice */,
			);
			path = StatusBarView;
			sourceTree = "<group>";
		};
		F0C36AA32359FA13001E396C /* Scripts */ = {
			isa = PBXGroup;
			children = (
				F075445923447A2800E1D88E /* reader-translator.js */,
				F00C7C86235783FF003F6D28 /* gtranslator-reverso-speaker.js */,
				F0A001C523587121009E9CD6 /* reverso-reverso-speaker.js */,
			);
			path = Scripts;
			sourceTree = "<group>";
		};
		F0C4EDA3234925B800CCD97A /* Modes */ = {
			isa = PBXGroup;
			children = (
				F0AB12A2233F5798005B9F2A /* ReaderView_PDF.swift */,
				F0AB12A4233F57B3005B9F2A /* ReaderView_Web.swift */,
				F01A50E823492398001DCC11 /* ReversoView.swift */,
				F0D31C5023491C23003CF86B /* GTranslatorView.swift */,
				F026B1E72344830200E032B9 /* SafariView.swift */,
			);
			path = Modes;
			sourceTree = "<group>";
		};
		F0EE0A142347BEDB004A5EAD /* WebKit */ = {
			isa = PBXGroup;
			children = (
				F0AA69DC232E97B0007CC07B /* WKRepresenter.swift */,
				F0C53177234B3EE1003174B5 /* WKCoordinator.swift */,
				F0C53173234B06D3003174B5 /* WKScriptsSetup.swift */,
				F0EE0A152347BF09004A5EAD /* WKPageView.swift */,
			);
			path = WebKit;
			sourceTree = "<group>";
		};
		F0EE0A1B2348A645004A5EAD /* PDFKitView */ = {
			isa = PBXGroup;
			children = (
				F0EE0A1C2348A651004A5EAD /* PDFKitViewRepresentable.swift */,
				F0AA69DD232E97B0007CC07B /* PDFKitView.swift */,
			);
			path = PDFKitView;
			sourceTree = "<group>";
		};
		F0F256BB233D307C00C9D719 /* Extentions */ = {
			isa = PBXGroup;
			children = (
				F06DB10C23450B6000C2DE90 /* View.swift */,
				F0C36A9C2359C78A001E396C /* Array.swift */,
				F0F256BC233D309F00C9D719 /* String.swift */,
				F049244E2341F54800F3C728 /* Image.swift */,
				F06DB1032344975E00C2DE90 /* Stack.swift */,
				F0C4EDA82349271C00CCD97A /* ViewRepresentable.swift */,
				F022B6E2234E6663005CA0BB /* WKCoordinatorNavigationDelegate.swift */,
				F0C6657B2351A70B0087B6F2 /* Collection.swift */,
				F0814BA123562AF300212F52 /* Set.swift */,
			);
			path = Extentions;
			sourceTree = "<group>";
		};
		F0F256C0233E6C2B00C9D719 /* Model */ = {
			isa = PBXGroup;
			children = (
				F0F256C1233E6C4C00C9D719 /* FavoriteVoiceName.swift */,
			);
			path = Model;
			sourceTree = "<group>";
		};
/* End PBXGroup section */

/* Begin PBXNativeTarget section */
		F0754436234479DA00E1D88E /* ReaderTranslatorMac */ = {
			isa = PBXNativeTarget;
			buildConfigurationList = F0754447234479DB00E1D88E /* Build configuration list for PBXNativeTarget "ReaderTranslatorMac" */;
			buildPhases = (
				F0754433234479DA00E1D88E /* Sources */,
				F0754434234479DA00E1D88E /* Frameworks */,
				F0754435234479DA00E1D88E /* Resources */,
				F075446423447A2800E1D88E /* Embed App Extensions */,
			);
			buildRules = (
			);
			dependencies = (
				F075445F23447A2800E1D88E /* PBXTargetDependency */,
			);
			name = ReaderTranslatorMac;
			productName = ReaderTranslatorMac;
			productReference = F0754437234479DA00E1D88E /* ReaderTranslatorMac.app */;
			productType = "com.apple.product-type.application";
		};
		F075444D23447A2700E1D88E /* ReaderTranslatorSafari */ = {
			isa = PBXNativeTarget;
			buildConfigurationList = F075446123447A2800E1D88E /* Build configuration list for PBXNativeTarget "ReaderTranslatorSafari" */;
			buildPhases = (
				F075444A23447A2700E1D88E /* Sources */,
				F075444B23447A2700E1D88E /* Frameworks */,
				F075444C23447A2700E1D88E /* Resources */,
			);
			buildRules = (
			);
			dependencies = (
			);
			name = ReaderTranslatorSafari;
			productName = ReaderTranslatorSafari;
			productReference = F075444E23447A2700E1D88E /* ReaderTranslatorSafari.appex */;
			productType = "com.apple.product-type.app-extension";
		};
		F0AA699C232E9710007CC07B /* ReaderTranslator */ = {
			isa = PBXNativeTarget;
			buildConfigurationList = F0AA69C7232E9712007CC07B /* Build configuration list for PBXNativeTarget "ReaderTranslator" */;
			buildPhases = (
				F0AA6999232E9710007CC07B /* Sources */,
				F0AA699A232E9710007CC07B /* Frameworks */,
				F0AA699B232E9710007CC07B /* Resources */,
			);
			buildRules = (
			);
			dependencies = (
			);
			name = ReaderTranslator;
			productName = ReaderTranslator;
			productReference = F0AA699D232E9710007CC07B /* ReaderTranslator.app */;
			productType = "com.apple.product-type.application";
		};
/* End PBXNativeTarget section */

/* Begin PBXProject section */
		F0AA6995232E9710007CC07B /* Project object */ = {
			isa = PBXProject;
			attributes = {
				LastSwiftUpdateCheck = 1110;
				LastUpgradeCheck = 1100;
				ORGANIZATIONNAME = "Viktor Kushnerov";
				TargetAttributes = {
					F0754436234479DA00E1D88E = {
						CreatedOnToolsVersion = 11.1;
					};
					F075444D23447A2700E1D88E = {
						CreatedOnToolsVersion = 11.1;
					};
					F0AA699C232E9710007CC07B = {
						CreatedOnToolsVersion = 11.0;
					};
				};
			};
			buildConfigurationList = F0AA6998232E9710007CC07B /* Build configuration list for PBXProject "ReaderTranslator" */;
			compatibilityVersion = "Xcode 9.3";
			developmentRegion = en;
			hasScannedForEncodings = 0;
			knownRegions = (
				en,
				Base,
			);
			mainGroup = F0AA6994232E9710007CC07B;
			productRefGroup = F0AA699E232E9710007CC07B /* Products */;
			projectDirPath = "";
			projectRoot = "";
			targets = (
				F0AA699C232E9710007CC07B /* ReaderTranslator */,
				F0754436234479DA00E1D88E /* ReaderTranslatorMac */,
				F075444D23447A2700E1D88E /* ReaderTranslatorSafari */,
			);
		};
/* End PBXProject section */

/* Begin PBXResourcesBuildPhase section */
		F0754435234479DA00E1D88E /* Resources */ = {
			isa = PBXResourcesBuildPhase;
			buildActionMask = 2147483647;
			files = (
				F0C36AA7235ADF5E001E396C /* reader-translator.js in Resources */,
				F00C7C88235783FF003F6D28 /* gtranslator-reverso-speaker.js in Resources */,
				F0754444234479DB00E1D88E /* Main.storyboard in Resources */,
				F0754441234479DB00E1D88E /* Preview Assets.xcassets in Resources */,
				F0A001C723587121009E9CD6 /* reverso-reverso-speaker.js in Resources */,
				F075443E234479DB00E1D88E /* Assets.xcassets in Resources */,
				F01B019E235C6749000CB5C1 /* Functional-Swift.pdf in Resources */,
			);
			runOnlyForDeploymentPostprocessing = 0;
		};
		F075444C23447A2700E1D88E /* Resources */ = {
			isa = PBXResourcesBuildPhase;
			buildActionMask = 2147483647;
			files = (
				F075445C23447A2800E1D88E /* ToolbarItemIcon.pdf in Resources */,
				F075445723447A2800E1D88E /* SafariExtensionViewController.xib in Resources */,
				F075445A23447A2800E1D88E /* reader-translator.js in Resources */,
			);
			runOnlyForDeploymentPostprocessing = 0;
		};
		F0AA699B232E9710007CC07B /* Resources */ = {
			isa = PBXResourcesBuildPhase;
			buildActionMask = 2147483647;
			files = (
				F040D57C2336BD97004567B8 /* README.md in Resources */,
				F01B019D235C6749000CB5C1 /* Functional-Swift.pdf in Resources */,
				F0C36AA8235ADF5E001E396C /* reader-translator.js in Resources */,
				F0AA69AD232E9712007CC07B /* LaunchScreen.storyboard in Resources */,
				F0A001C623587121009E9CD6 /* reverso-reverso-speaker.js in Resources */,
				F00C7C87235783FF003F6D28 /* gtranslator-reverso-speaker.js in Resources */,
				F0AA69AA232E9712007CC07B /* Preview Assets.xcassets in Resources */,
				F0AA69A7232E9712007CC07B /* Assets.xcassets in Resources */,
			);
			runOnlyForDeploymentPostprocessing = 0;
		};
/* End PBXResourcesBuildPhase section */

/* Begin PBXSourcesBuildPhase section */
		F0754433234479DA00E1D88E /* Sources */ = {
			isa = PBXSourcesBuildPhase;
			buildActionMask = 2147483647;
			files = (
				F0BB43792344845000ADBEF1 /* StatusBarView_Tabs.swift in Sources */,
				F0EE0A172347BF09004A5EAD /* WKPageView.swift in Sources */,
				F0C4EDA52349260000CCD97A /* ReversoView.swift in Sources */,
				F06DB10B234504FD00C2DE90 /* EditorNSTextRepresentable.swift in Sources */,
				F06DB10E23450B6000C2DE90 /* View.swift in Sources */,
				F0D31C5223491C23003CF86B /* GTranslatorView.swift in Sources */,
				F0C36A9E2359C78A001E396C /* Array.swift in Sources */,
				F0BB437F2344845000ADBEF1 /* StatusBarView_Voice_Favorite.swift in Sources */,
				F0C6657D2351A70B0087B6F2 /* Collection.swift in Sources */,
				F0BB43762344844800ADBEF1 /* GTranslator.swift in Sources */,
				F0C4EDA7234926D400CCD97A /* Reverso.swift in Sources */,
				F0EE0A1023478C86004A5EAD /* DOMEvent.swift in Sources */,
				F0C4EDAA2349271C00CCD97A /* ViewRepresentable.swift in Sources */,
				F06DB1002344856300C2DE90 /* Store.swift in Sources */,
				F0BB43742344844800ADBEF1 /* PDFKitView.swift in Sources */,
				F022B6E4234E6663005CA0BB /* WKCoordinatorNavigationDelegate.swift in Sources */,
				F0BB43782344845000ADBEF1 /* StatusBarView.swift in Sources */,
				F0BB436F2344843400ADBEF1 /* Image.swift in Sources */,
				F0BB43802344845000ADBEF1 /* StatusBarView_Voice_Volume.swift in Sources */,
				F0BB437B2344845000ADBEF1 /* StatusBarView_ViewMode.swift in Sources */,
				F0BB43752344844800ADBEF1 /* SpeechSynthesizer.swift in Sources */,
				F06DB1052344975E00C2DE90 /* Stack.swift in Sources */,
				F0BB437D2344845000ADBEF1 /* StatusBarView_Voice.swift in Sources */,
				F001A701235E095700617573 /* ServiceProvider.swift in Sources */,
				F0BB43822344846700ADBEF1 /* ReaderView_Web.swift in Sources */,
				F0BB437E2344845000ADBEF1 /* StatusBarView_Voice_Select.swift in Sources */,
				F0BB436E2344843400ADBEF1 /* String.swift in Sources */,
				F0BB43702344843900ADBEF1 /* Published.swift in Sources */,
				F06DB1132345ECC000C2DE90 /* StatusBarView_Voice_Toggle.swift in Sources */,
				F0BB43832344846C00ADBEF1 /* ContentView.swift in Sources */,
				F0BB43772344844800ADBEF1 /* WKRepresenter.swift in Sources */,
				F0BB436C2344842200ADBEF1 /* ReaderView.swift in Sources */,
				F0BB437A2344845000ADBEF1 /* StatusBarView_Zoom.swift in Sources */,
				F0BB43812344846200ADBEF1 /* ReaderView_PDF.swift in Sources */,
				F0EE0A1E2348A66E004A5EAD /* PDFKitViewRepresentable.swift in Sources */,
				F06DB117234611BB00C2DE90 /* ExtensionManager.swift in Sources */,
				F0BB43722344843D00ADBEF1 /* FavoriteVoiceName.swift in Sources */,
				F0814BA323562AF300212F52 /* Set.swift in Sources */,
				F0EE0A1A234897CC004A5EAD /* StatusBarView_Safari.swift in Sources */,
				F0BB43712344843900ADBEF1 /* UserDefault.swift in Sources */,
				F0BB437C2344845000ADBEF1 /* StatusBarView_PdfPage.swift in Sources */,
				F026B1E82344830200E032B9 /* SafariView.swift in Sources */,
				F0C53175234B06D3003174B5 /* WKScriptsSetup.swift in Sources */,
				F0C36AA22359D50A001E396C /* Clipboard.swift in Sources */,
				F075443A234479DA00E1D88E /* AppDelegate.swift in Sources */,
				F0C36A972359AF76001E396C /* StatusBarView_Bookmarks.swift in Sources */,
				F0039EC323447E24002F3F95 /* SharedContainer.swift in Sources */,
				F0C53179234B3EE1003174B5 /* WKCoordinator.swift in Sources */,
				F0D2E335234BA49000D95994 /* Safari.swift in Sources */,
			);
			runOnlyForDeploymentPostprocessing = 0;
		};
		F075444A23447A2700E1D88E /* Sources */ = {
			isa = PBXSourcesBuildPhase;
			buildActionMask = 2147483647;
			files = (
				F075445423447A2800E1D88E /* SafariExtensionViewController.swift in Sources */,
				F06DB1182346172D00C2DE90 /* ExtensionManager.swift in Sources */,
				F0C36A9F2359C78A001E396C /* Array.swift in Sources */,
				F0814BA423562AF300212F52 /* Set.swift in Sources */,
				F0EE0A122347AA0E004A5EAD /* DOMEvent.swift in Sources */,
				F075445223447A2800E1D88E /* SafariExtensionHandler.swift in Sources */,
				F0039EC423447E24002F3F95 /* SharedContainer.swift in Sources */,
			);
			runOnlyForDeploymentPostprocessing = 0;
		};
		F0AA6999232E9710007CC07B /* Sources */ = {
			isa = PBXSourcesBuildPhase;
			buildActionMask = 2147483647;
			files = (
				F0AB12A8233F5802005B9F2A /* StatusBarView_Tabs.swift in Sources */,
				F0AB12B4233F599C005B9F2A /* StatusBarView_Voice_Favorite.swift in Sources */,
				F0AA69A1232E9710007CC07B /* AppDelegate.swift in Sources */,
				F0F256BD233D309F00C9D719 /* String.swift in Sources */,
				F0AB12A3233F5798005B9F2A /* ReaderView_PDF.swift in Sources */,
				F0C53174234B06D3003174B5 /* WKScriptsSetup.swift in Sources */,
				F0EE0A1D2348A651004A5EAD /* PDFKitViewRepresentable.swift in Sources */,
				F01B0198235C5EDF000CB5C1 /* DOMEvent.swift in Sources */,
				F06DB0FF2344856300C2DE90 /* Store.swift in Sources */,
				F0AA69D5232E9762007CC07B /* StatusBarView.swift in Sources */,
				F0D2E334234BA49000D95994 /* Safari.swift in Sources */,
				F022B6E3234E6663005CA0BB /* WKCoordinatorNavigationDelegate.swift in Sources */,
				F0AB12B6233F59B4005B9F2A /* StatusBarView_Voice_Volume.swift in Sources */,
				F0AA69D4232E9762007CC07B /* ReaderView.swift in Sources */,
				F0AB12B0233F5968005B9F2A /* StatusBarView_Voice.swift in Sources */,
				F0AB12B2233F597B005B9F2A /* StatusBarView_Voice_Select.swift in Sources */,
				F0EE0A162347BF09004A5EAD /* WKPageView.swift in Sources */,
				F0F256C2233E6C4C00C9D719 /* FavoriteVoiceName.swift in Sources */,
				F0C36A9D2359C78A001E396C /* Array.swift in Sources */,
				F06DB10D23450B6000C2DE90 /* View.swift in Sources */,
				F0EE0A19234897CC004A5EAD /* StatusBarView_Safari.swift in Sources */,
				F0AA69DF232E97B0007CC07B /* GTranslator.swift in Sources */,
				F0AA69A3232E9710007CC07B /* SceneDelegate.swift in Sources */,
				F06DB1042344975E00C2DE90 /* Stack.swift in Sources */,
				F0AA69E0232E97B0007CC07B /* WKRepresenter.swift in Sources */,
				F0C4EDA6234926D400CCD97A /* Reverso.swift in Sources */,
				F0D31C5123491C23003CF86B /* GTranslatorView.swift in Sources */,
				F0AB12AA233F58A2005B9F2A /* StatusBarView_Zoom.swift in Sources */,
				F0AB12AC233F5908005B9F2A /* StatusBarView_ViewMode.swift in Sources */,
				F0AB12A5233F57B3005B9F2A /* ReaderView_Web.swift in Sources */,
				F002C62A232FF40C00D3FC04 /* Published.swift in Sources */,
				F040D5782336A77D004567B8 /* UserDefault.swift in Sources */,
				F06DB1122345ECC000C2DE90 /* StatusBarView_Voice_Toggle.swift in Sources */,
				F0C6657C2351A70B0087B6F2 /* Collection.swift in Sources */,
				F0AB12AE233F5950005B9F2A /* StatusBarView_PdfPage.swift in Sources */,
				F0AA69DE232E97B0007CC07B /* SpeechSynthesizer.swift in Sources */,
				F0C4EDA92349271C00CCD97A /* ViewRepresentable.swift in Sources */,
				F0C53178234B3EE1003174B5 /* WKCoordinator.swift in Sources */,
				F0AA69E1232E97B0007CC07B /* PDFKitView.swift in Sources */,
				F0C36AA12359D50A001E396C /* Clipboard.swift in Sources */,
				F0C4EDA42349260000CCD97A /* ReversoView.swift in Sources */,
				F0AA69A5232E9710007CC07B /* ContentView.swift in Sources */,
				F0814BA223562AF300212F52 /* Set.swift in Sources */,
				F0C36A962359AF75001E396C /* StatusBarView_Bookmarks.swift in Sources */,
				F049244F2341F54800F3C728 /* Image.swift in Sources */,
			);
			runOnlyForDeploymentPostprocessing = 0;
		};
/* End PBXSourcesBuildPhase section */

/* Begin PBXTargetDependency section */
		F075445F23447A2800E1D88E /* PBXTargetDependency */ = {
			isa = PBXTargetDependency;
			target = F075444D23447A2700E1D88E /* ReaderTranslatorSafari */;
			targetProxy = F075445E23447A2800E1D88E /* PBXContainerItemProxy */;
		};
/* End PBXTargetDependency section */

/* Begin PBXVariantGroup section */
		F0754442234479DB00E1D88E /* Main.storyboard */ = {
			isa = PBXVariantGroup;
			children = (
				F0754443234479DB00E1D88E /* Base */,
			);
			name = Main.storyboard;
			sourceTree = "<group>";
		};
		F075445523447A2800E1D88E /* SafariExtensionViewController.xib */ = {
			isa = PBXVariantGroup;
			children = (
				F075445623447A2800E1D88E /* Base */,
			);
			name = SafariExtensionViewController.xib;
			sourceTree = "<group>";
		};
		F0AA69AB232E9712007CC07B /* LaunchScreen.storyboard */ = {
			isa = PBXVariantGroup;
			children = (
				F0AA69AC232E9712007CC07B /* Base */,
			);
			name = LaunchScreen.storyboard;
			sourceTree = "<group>";
		};
/* End PBXVariantGroup section */

/* Begin XCBuildConfiguration section */
		F0754448234479DB00E1D88E /* Debug */ = {
			isa = XCBuildConfiguration;
			buildSettings = {
				ALWAYS_EMBED_SWIFT_STANDARD_LIBRARIES = YES;
				ASSETCATALOG_COMPILER_APPICON_NAME = AppIcon;
				CODE_SIGN_ENTITLEMENTS = ReaderTranslatorMac/ReaderTranslatorMac.entitlements;
				CODE_SIGN_IDENTITY = "Apple Development";
				CODE_SIGN_STYLE = Automatic;
				COMBINE_HIDPI_IMAGES = YES;
				CURRENT_PROJECT_VERSION = 1.4.2;
				DEVELOPMENT_ASSET_PATHS = "\"ReaderTranslatorMac/Preview Content\"";
				DEVELOPMENT_TEAM = B6QRXW5YF2;
				ENABLE_HARDENED_RUNTIME = YES;
				ENABLE_PREVIEWS = YES;
				INFOPLIST_FILE = ReaderTranslatorMac/Info.plist;
				LD_RUNPATH_SEARCH_PATHS = (
					"$(inherited)",
					"@executable_path/../Frameworks",
				);
				MACOSX_DEPLOYMENT_TARGET = 10.15;
				MARKETING_VERSION = 1.4.2;
				PRODUCT_BUNDLE_IDENTIFIER = by.filimo.ReaderTranslatorMac;
				PRODUCT_NAME = "$(TARGET_NAME)";
				SDKROOT = macosx;
				SWIFT_VERSION = 5.0;
			};
			name = Debug;
		};
		F0754449234479DB00E1D88E /* Release */ = {
			isa = XCBuildConfiguration;
			buildSettings = {
				ALWAYS_EMBED_SWIFT_STANDARD_LIBRARIES = YES;
				ASSETCATALOG_COMPILER_APPICON_NAME = AppIcon;
				CODE_SIGN_ENTITLEMENTS = ReaderTranslatorMac/ReaderTranslatorMac.entitlements;
				CODE_SIGN_IDENTITY = "Apple Development";
				CODE_SIGN_STYLE = Automatic;
				COMBINE_HIDPI_IMAGES = YES;
				CURRENT_PROJECT_VERSION = 1.4.2;
				DEVELOPMENT_ASSET_PATHS = "\"ReaderTranslatorMac/Preview Content\"";
				DEVELOPMENT_TEAM = B6QRXW5YF2;
				ENABLE_HARDENED_RUNTIME = YES;
				ENABLE_PREVIEWS = YES;
				INFOPLIST_FILE = ReaderTranslatorMac/Info.plist;
				LD_RUNPATH_SEARCH_PATHS = (
					"$(inherited)",
					"@executable_path/../Frameworks",
				);
				MACOSX_DEPLOYMENT_TARGET = 10.15;
				MARKETING_VERSION = 1.4.2;
				PRODUCT_BUNDLE_IDENTIFIER = by.filimo.ReaderTranslatorMac;
				PRODUCT_NAME = "$(TARGET_NAME)";
				SDKROOT = macosx;
				SWIFT_VERSION = 5.0;
			};
			name = Release;
		};
		F075446223447A2800E1D88E /* Debug */ = {
			isa = XCBuildConfiguration;
			buildSettings = {
				CODE_SIGN_ENTITLEMENTS = ReaderTranslatorSafari/ReaderTranslatorSafari.entitlements;
				CODE_SIGN_IDENTITY = "Apple Development";
				CODE_SIGN_STYLE = Automatic;
				CURRENT_PROJECT_VERSION = 1.4.2;
				DEVELOPMENT_TEAM = B6QRXW5YF2;
				ENABLE_HARDENED_RUNTIME = YES;
				INFOPLIST_FILE = ReaderTranslatorSafari/Info.plist;
				LD_RUNPATH_SEARCH_PATHS = (
					"$(inherited)",
					"@executable_path/../Frameworks",
					"@executable_path/../../../../Frameworks",
				);
				MACOSX_DEPLOYMENT_TARGET = 10.15;
				MARKETING_VERSION = 1.4.2;
				PRODUCT_BUNDLE_IDENTIFIER = by.filimo.ReaderTranslatorMac.ReaderTranslatorSafari;
				PRODUCT_NAME = "$(TARGET_NAME)";
				SDKROOT = macosx;
				SKIP_INSTALL = YES;
				SWIFT_VERSION = 5.0;
			};
			name = Debug;
		};
		F075446323447A2800E1D88E /* Release */ = {
			isa = XCBuildConfiguration;
			buildSettings = {
				CODE_SIGN_ENTITLEMENTS = ReaderTranslatorSafari/ReaderTranslatorSafari.entitlements;
				CODE_SIGN_IDENTITY = "Apple Development";
				CODE_SIGN_STYLE = Automatic;
				CURRENT_PROJECT_VERSION = 1.4.2;
				DEVELOPMENT_TEAM = B6QRXW5YF2;
				ENABLE_HARDENED_RUNTIME = YES;
				INFOPLIST_FILE = ReaderTranslatorSafari/Info.plist;
				LD_RUNPATH_SEARCH_PATHS = (
					"$(inherited)",
					"@executable_path/../Frameworks",
					"@executable_path/../../../../Frameworks",
				);
				MACOSX_DEPLOYMENT_TARGET = 10.15;
				MARKETING_VERSION = 1.4.2;
				PRODUCT_BUNDLE_IDENTIFIER = by.filimo.ReaderTranslatorMac.ReaderTranslatorSafari;
				PRODUCT_NAME = "$(TARGET_NAME)";
				SDKROOT = macosx;
				SKIP_INSTALL = YES;
				SWIFT_VERSION = 5.0;
			};
			name = Release;
		};
		F0AA69C5232E9712007CC07B /* Debug */ = {
			isa = XCBuildConfiguration;
			buildSettings = {
				ALWAYS_SEARCH_USER_PATHS = NO;
				CLANG_ANALYZER_NONNULL = YES;
				CLANG_ANALYZER_NUMBER_OBJECT_CONVERSION = YES_AGGRESSIVE;
				CLANG_CXX_LANGUAGE_STANDARD = "gnu++14";
				CLANG_CXX_LIBRARY = "libc++";
				CLANG_ENABLE_MODULES = YES;
				CLANG_ENABLE_OBJC_ARC = YES;
				CLANG_ENABLE_OBJC_WEAK = YES;
				CLANG_WARN_BLOCK_CAPTURE_AUTORELEASING = YES;
				CLANG_WARN_BOOL_CONVERSION = YES;
				CLANG_WARN_COMMA = YES;
				CLANG_WARN_CONSTANT_CONVERSION = YES;
				CLANG_WARN_DEPRECATED_OBJC_IMPLEMENTATIONS = YES;
				CLANG_WARN_DIRECT_OBJC_ISA_USAGE = YES_ERROR;
				CLANG_WARN_DOCUMENTATION_COMMENTS = YES;
				CLANG_WARN_EMPTY_BODY = YES;
				CLANG_WARN_ENUM_CONVERSION = YES;
				CLANG_WARN_INFINITE_RECURSION = YES;
				CLANG_WARN_INT_CONVERSION = YES;
				CLANG_WARN_NON_LITERAL_NULL_CONVERSION = YES;
				CLANG_WARN_OBJC_IMPLICIT_RETAIN_SELF = YES;
				CLANG_WARN_OBJC_LITERAL_CONVERSION = YES;
				CLANG_WARN_OBJC_ROOT_CLASS = YES_ERROR;
				CLANG_WARN_RANGE_LOOP_ANALYSIS = YES;
				CLANG_WARN_STRICT_PROTOTYPES = YES;
				CLANG_WARN_SUSPICIOUS_MOVE = YES;
				CLANG_WARN_UNGUARDED_AVAILABILITY = YES_AGGRESSIVE;
				CLANG_WARN_UNREACHABLE_CODE = YES;
				CLANG_WARN__DUPLICATE_METHOD_MATCH = YES;
				COPY_PHASE_STRIP = NO;
				DEBUG_INFORMATION_FORMAT = dwarf;
				ENABLE_STRICT_OBJC_MSGSEND = YES;
				ENABLE_TESTABILITY = YES;
				GCC_C_LANGUAGE_STANDARD = gnu11;
				GCC_DYNAMIC_NO_PIC = NO;
				GCC_NO_COMMON_BLOCKS = YES;
				GCC_OPTIMIZATION_LEVEL = 0;
				GCC_PREPROCESSOR_DEFINITIONS = (
					"DEBUG=1",
					"$(inherited)",
				);
				GCC_WARN_64_TO_32_BIT_CONVERSION = YES;
				GCC_WARN_ABOUT_RETURN_TYPE = YES_ERROR;
				GCC_WARN_UNDECLARED_SELECTOR = YES;
				GCC_WARN_UNINITIALIZED_AUTOS = YES_AGGRESSIVE;
				GCC_WARN_UNUSED_FUNCTION = YES;
				GCC_WARN_UNUSED_VARIABLE = YES;
				IPHONEOS_DEPLOYMENT_TARGET = 13.0;
				MTL_ENABLE_DEBUG_INFO = INCLUDE_SOURCE;
				MTL_FAST_MATH = YES;
				ONLY_ACTIVE_ARCH = YES;
				SDKROOT = iphoneos;
				SWIFT_ACTIVE_COMPILATION_CONDITIONS = DEBUG;
				SWIFT_OPTIMIZATION_LEVEL = "-Onone";
			};
			name = Debug;
		};
		F0AA69C6232E9712007CC07B /* Release */ = {
			isa = XCBuildConfiguration;
			buildSettings = {
				ALWAYS_SEARCH_USER_PATHS = NO;
				CLANG_ANALYZER_NONNULL = YES;
				CLANG_ANALYZER_NUMBER_OBJECT_CONVERSION = YES_AGGRESSIVE;
				CLANG_CXX_LANGUAGE_STANDARD = "gnu++14";
				CLANG_CXX_LIBRARY = "libc++";
				CLANG_ENABLE_MODULES = YES;
				CLANG_ENABLE_OBJC_ARC = YES;
				CLANG_ENABLE_OBJC_WEAK = YES;
				CLANG_WARN_BLOCK_CAPTURE_AUTORELEASING = YES;
				CLANG_WARN_BOOL_CONVERSION = YES;
				CLANG_WARN_COMMA = YES;
				CLANG_WARN_CONSTANT_CONVERSION = YES;
				CLANG_WARN_DEPRECATED_OBJC_IMPLEMENTATIONS = YES;
				CLANG_WARN_DIRECT_OBJC_ISA_USAGE = YES_ERROR;
				CLANG_WARN_DOCUMENTATION_COMMENTS = YES;
				CLANG_WARN_EMPTY_BODY = YES;
				CLANG_WARN_ENUM_CONVERSION = YES;
				CLANG_WARN_INFINITE_RECURSION = YES;
				CLANG_WARN_INT_CONVERSION = YES;
				CLANG_WARN_NON_LITERAL_NULL_CONVERSION = YES;
				CLANG_WARN_OBJC_IMPLICIT_RETAIN_SELF = YES;
				CLANG_WARN_OBJC_LITERAL_CONVERSION = YES;
				CLANG_WARN_OBJC_ROOT_CLASS = YES_ERROR;
				CLANG_WARN_RANGE_LOOP_ANALYSIS = YES;
				CLANG_WARN_STRICT_PROTOTYPES = YES;
				CLANG_WARN_SUSPICIOUS_MOVE = YES;
				CLANG_WARN_UNGUARDED_AVAILABILITY = YES_AGGRESSIVE;
				CLANG_WARN_UNREACHABLE_CODE = YES;
				CLANG_WARN__DUPLICATE_METHOD_MATCH = YES;
				COPY_PHASE_STRIP = NO;
				DEBUG_INFORMATION_FORMAT = "dwarf-with-dsym";
				ENABLE_NS_ASSERTIONS = NO;
				ENABLE_STRICT_OBJC_MSGSEND = YES;
				GCC_C_LANGUAGE_STANDARD = gnu11;
				GCC_NO_COMMON_BLOCKS = YES;
				GCC_WARN_64_TO_32_BIT_CONVERSION = YES;
				GCC_WARN_ABOUT_RETURN_TYPE = YES_ERROR;
				GCC_WARN_UNDECLARED_SELECTOR = YES;
				GCC_WARN_UNINITIALIZED_AUTOS = YES_AGGRESSIVE;
				GCC_WARN_UNUSED_FUNCTION = YES;
				GCC_WARN_UNUSED_VARIABLE = YES;
				IPHONEOS_DEPLOYMENT_TARGET = 13.0;
				MTL_ENABLE_DEBUG_INFO = NO;
				MTL_FAST_MATH = YES;
				SDKROOT = iphoneos;
				SWIFT_COMPILATION_MODE = wholemodule;
				SWIFT_OPTIMIZATION_LEVEL = "-O";
				VALIDATE_PRODUCT = YES;
			};
			name = Release;
		};
		F0AA69C8232E9712007CC07B /* Debug */ = {
			isa = XCBuildConfiguration;
			buildSettings = {
				ASSETCATALOG_COMPILER_APPICON_NAME = AppIcon;
				CODE_SIGN_ENTITLEMENTS = ReaderTranslator/ReaderTranslator.entitlements;
				CODE_SIGN_STYLE = Automatic;
				CURRENT_PROJECT_VERSION = 1.4.2;
				DERIVE_MACCATALYST_PRODUCT_BUNDLE_IDENTIFIER = YES;
				DEVELOPMENT_ASSET_PATHS = "\"ReaderTranslator/Preview Content\"";
				DEVELOPMENT_TEAM = B6QRXW5YF2;
				ENABLE_PREVIEWS = YES;
				INFOPLIST_FILE = ReaderTranslator/Info.plist;
				LD_RUNPATH_SEARCH_PATHS = (
					"$(inherited)",
					"@executable_path/Frameworks",
				);
				MARKETING_VERSION = 1.4.2;
				PRODUCT_BUNDLE_IDENTIFIER = by.filimo.ReaderTranslator;
				PRODUCT_NAME = "$(TARGET_NAME)";
				SUPPORTS_MACCATALYST = YES;
				SWIFT_VERSION = 5.0;
				TARGETED_DEVICE_FAMILY = "1,2";
			};
			name = Debug;
		};
		F0AA69C9232E9712007CC07B /* Release */ = {
			isa = XCBuildConfiguration;
			buildSettings = {
				ASSETCATALOG_COMPILER_APPICON_NAME = AppIcon;
				CODE_SIGN_ENTITLEMENTS = ReaderTranslator/ReaderTranslator.entitlements;
				CODE_SIGN_STYLE = Automatic;
				CURRENT_PROJECT_VERSION = 1.4.2;
				DERIVE_MACCATALYST_PRODUCT_BUNDLE_IDENTIFIER = YES;
				DEVELOPMENT_ASSET_PATHS = "\"ReaderTranslator/Preview Content\"";
				DEVELOPMENT_TEAM = B6QRXW5YF2;
				ENABLE_PREVIEWS = YES;
				INFOPLIST_FILE = ReaderTranslator/Info.plist;
				LD_RUNPATH_SEARCH_PATHS = (
					"$(inherited)",
					"@executable_path/Frameworks",
				);
				MARKETING_VERSION = 1.4.2;
				PRODUCT_BUNDLE_IDENTIFIER = by.filimo.ReaderTranslator;
				PRODUCT_NAME = "$(TARGET_NAME)";
				SUPPORTS_MACCATALYST = YES;
				SWIFT_VERSION = 5.0;
				TARGETED_DEVICE_FAMILY = "1,2";
			};
			name = Release;
		};
/* End XCBuildConfiguration section */

/* Begin XCConfigurationList section */
		F0754447234479DB00E1D88E /* Build configuration list for PBXNativeTarget "ReaderTranslatorMac" */ = {
			isa = XCConfigurationList;
			buildConfigurations = (
				F0754448234479DB00E1D88E /* Debug */,
				F0754449234479DB00E1D88E /* Release */,
			);
			defaultConfigurationIsVisible = 0;
			defaultConfigurationName = Release;
		};
		F075446123447A2800E1D88E /* Build configuration list for PBXNativeTarget "ReaderTranslatorSafari" */ = {
			isa = XCConfigurationList;
			buildConfigurations = (
				F075446223447A2800E1D88E /* Debug */,
				F075446323447A2800E1D88E /* Release */,
			);
			defaultConfigurationIsVisible = 0;
			defaultConfigurationName = Release;
		};
		F0AA6998232E9710007CC07B /* Build configuration list for PBXProject "ReaderTranslator" */ = {
			isa = XCConfigurationList;
			buildConfigurations = (
				F0AA69C5232E9712007CC07B /* Debug */,
				F0AA69C6232E9712007CC07B /* Release */,
			);
			defaultConfigurationIsVisible = 0;
			defaultConfigurationName = Release;
		};
		F0AA69C7232E9712007CC07B /* Build configuration list for PBXNativeTarget "ReaderTranslator" */ = {
			isa = XCConfigurationList;
			buildConfigurations = (
				F0AA69C8232E9712007CC07B /* Debug */,
				F0AA69C9232E9712007CC07B /* Release */,
			);
			defaultConfigurationIsVisible = 0;
			defaultConfigurationName = Release;
		};
/* End XCConfigurationList section */
	};
	rootObject = F0AA6995232E9710007CC07B /* Project object */;
}
